// !$*UTF8*$!
{
	archiveVersion = 1;
	classes = {
	};
	objectVersion = 55;
	objects = {

/* Begin PBXBuildFile section */
		5B6D047B2ABD2D2B00DFBEAD /* User.swift in Sources */ = {isa = PBXBuildFile; fileRef = 5B6D047A2ABD2D2B00DFBEAD /* User.swift */; };
		5B6D047E2ABD3DB800DFBEAD /* FCollectionReference.swift in Sources */ = {isa = PBXBuildFile; fileRef = 5B6D047D2ABD3DB800DFBEAD /* FCollectionReference.swift */; };
		5B6D04802ABD3F9100DFBEAD /* FUserListener.swift in Sources */ = {isa = PBXBuildFile; fileRef = 5B6D047F2ABD3F9100DFBEAD /* FUserListener.swift */; };
		640999432ABA00AF00CFFCDA /* AppDelegate.swift in Sources */ = {isa = PBXBuildFile; fileRef = 640999422ABA00AF00CFFCDA /* AppDelegate.swift */; };
		640999452ABA00AF00CFFCDA /* SceneDelegate.swift in Sources */ = {isa = PBXBuildFile; fileRef = 640999442ABA00AF00CFFCDA /* SceneDelegate.swift */; };
		640999472ABA00AF00CFFCDA /* ViewController.swift in Sources */ = {isa = PBXBuildFile; fileRef = 640999462ABA00AF00CFFCDA /* ViewController.swift */; };
		6409994A2ABA00AF00CFFCDA /* Main.storyboard in Resources */ = {isa = PBXBuildFile; fileRef = 640999482ABA00AF00CFFCDA /* Main.storyboard */; };
		6409994C2ABA00B200CFFCDA /* Assets.xcassets in Resources */ = {isa = PBXBuildFile; fileRef = 6409994B2ABA00B200CFFCDA /* Assets.xcassets */; };
		6409994F2ABA00B200CFFCDA /* LaunchScreen.storyboard in Resources */ = {isa = PBXBuildFile; fileRef = 6409994D2ABA00B200CFFCDA /* LaunchScreen.storyboard */; };
		64B1B9F32ABA07C20010BE17 /* GoogleService-Info.plist in Resources */ = {isa = PBXBuildFile; fileRef = 64B1B9F22ABA07C20010BE17 /* GoogleService-Info.plist */; };
		D2F63B3D688AB66544241ABC /* Pods_ChitChat.framework in Frameworks */ = {isa = PBXBuildFile; fileRef = 5570ADC6D678A0E296C092D5 /* Pods_ChitChat.framework */; };
/* End PBXBuildFile section */

/* Begin PBXFileReference section */
		36638EFEAE25B946F44FC47E /* Pods-ChitChat.release.xcconfig */ = {isa = PBXFileReference; includeInIndex = 1; lastKnownFileType = text.xcconfig; name = "Pods-ChitChat.release.xcconfig"; path = "Target Support Files/Pods-ChitChat/Pods-ChitChat.release.xcconfig"; sourceTree = "<group>"; };
		5570ADC6D678A0E296C092D5 /* Pods_ChitChat.framework */ = {isa = PBXFileReference; explicitFileType = wrapper.framework; includeInIndex = 0; path = Pods_ChitChat.framework; sourceTree = BUILT_PRODUCTS_DIR; };
		5B6D047A2ABD2D2B00DFBEAD /* User.swift */ = {isa = PBXFileReference; lastKnownFileType = sourcecode.swift; path = User.swift; sourceTree = "<group>"; };
		5B6D047D2ABD3DB800DFBEAD /* FCollectionReference.swift */ = {isa = PBXFileReference; lastKnownFileType = sourcecode.swift; path = FCollectionReference.swift; sourceTree = "<group>"; };
		5B6D047F2ABD3F9100DFBEAD /* FUserListener.swift */ = {isa = PBXFileReference; lastKnownFileType = sourcecode.swift; path = FUserListener.swift; sourceTree = "<group>"; };
		6409993F2ABA00AF00CFFCDA /* ChitChat.app */ = {isa = PBXFileReference; explicitFileType = wrapper.application; includeInIndex = 0; path = ChitChat.app; sourceTree = BUILT_PRODUCTS_DIR; };
		640999422ABA00AF00CFFCDA /* AppDelegate.swift */ = {isa = PBXFileReference; lastKnownFileType = sourcecode.swift; path = AppDelegate.swift; sourceTree = "<group>"; };
		640999442ABA00AF00CFFCDA /* SceneDelegate.swift */ = {isa = PBXFileReference; lastKnownFileType = sourcecode.swift; path = SceneDelegate.swift; sourceTree = "<group>"; };
		640999462ABA00AF00CFFCDA /* ViewController.swift */ = {isa = PBXFileReference; lastKnownFileType = sourcecode.swift; path = ViewController.swift; sourceTree = "<group>"; };
		640999492ABA00AF00CFFCDA /* Base */ = {isa = PBXFileReference; lastKnownFileType = file.storyboard; name = Base; path = Base.lproj/Main.storyboard; sourceTree = "<group>"; };
		6409994B2ABA00B200CFFCDA /* Assets.xcassets */ = {isa = PBXFileReference; lastKnownFileType = folder.assetcatalog; path = Assets.xcassets; sourceTree = "<group>"; };
		6409994E2ABA00B200CFFCDA /* Base */ = {isa = PBXFileReference; lastKnownFileType = file.storyboard; name = Base; path = Base.lproj/LaunchScreen.storyboard; sourceTree = "<group>"; };
		640999502ABA00B200CFFCDA /* Info.plist */ = {isa = PBXFileReference; lastKnownFileType = text.plist.xml; path = Info.plist; sourceTree = "<group>"; };
		64B1B9F22ABA07C20010BE17 /* GoogleService-Info.plist */ = {isa = PBXFileReference; fileEncoding = 4; lastKnownFileType = text.plist.xml; path = "GoogleService-Info.plist"; sourceTree = "<group>"; };
		9E37E048EEEBC6BA5B0D499A /* Pods-ChitChat.debug.xcconfig */ = {isa = PBXFileReference; includeInIndex = 1; lastKnownFileType = text.xcconfig; name = "Pods-ChitChat.debug.xcconfig"; path = "Target Support Files/Pods-ChitChat/Pods-ChitChat.debug.xcconfig"; sourceTree = "<group>"; };
/* End PBXFileReference section */

/* Begin PBXFrameworksBuildPhase section */
		6409993C2ABA00AF00CFFCDA /* Frameworks */ = {
			isa = PBXFrameworksBuildPhase;
			buildActionMask = 2147483647;
			files = (
				D2F63B3D688AB66544241ABC /* Pods_ChitChat.framework in Frameworks */,
			);
			runOnlyForDeploymentPostprocessing = 0;
		};
/* End PBXFrameworksBuildPhase section */

/* Begin PBXGroup section */
		5B38047A2ABC818C00236CEE /* Model */ = {
			isa = PBXGroup;
			children = (
				5B6D047A2ABD2D2B00DFBEAD /* User.swift */,
			);
			path = Model;
			sourceTree = "<group>";
		};
		5B6D047C2ABD3D8F00DFBEAD /* FirebaseHelpers */ = {
			isa = PBXGroup;
			children = (
				5B6D047D2ABD3DB800DFBEAD /* FCollectionReference.swift */,
				5B6D047F2ABD3F9100DFBEAD /* FUserListener.swift */,
			);
			path = FirebaseHelpers;
			sourceTree = "<group>";
		};
		640999362ABA00AF00CFFCDA = {
			isa = PBXGroup;
			children = (
				640999412ABA00AF00CFFCDA /* ChitChat */,
				640999402ABA00AF00CFFCDA /* Products */,
				AE6BC9BDEA45C8643F4916C0 /* Pods */,
				85ED58CEA33409418CD0ABF5 /* Frameworks */,
			);
			sourceTree = "<group>";
		};
		640999402ABA00AF00CFFCDA /* Products */ = {
			isa = PBXGroup;
			children = (
				6409993F2ABA00AF00CFFCDA /* ChitChat.app */,
			);
			name = Products;
			sourceTree = "<group>";
		};
		640999412ABA00AF00CFFCDA /* ChitChat */ = {
			isa = PBXGroup;
			children = (
				5B6D047C2ABD3D8F00DFBEAD /* FirebaseHelpers */,
				5B38047A2ABC818C00236CEE /* Model */,
				640999422ABA00AF00CFFCDA /* AppDelegate.swift */,
				640999442ABA00AF00CFFCDA /* SceneDelegate.swift */,
				640999462ABA00AF00CFFCDA /* ViewController.swift */,
				640999482ABA00AF00CFFCDA /* Main.storyboard */,
				6409994B2ABA00B200CFFCDA /* Assets.xcassets */,
				6409994D2ABA00B200CFFCDA /* LaunchScreen.storyboard */,
				640999502ABA00B200CFFCDA /* Info.plist */,
				64B1B9F22ABA07C20010BE17 /* GoogleService-Info.plist */,
			);
			path = ChitChat;
			sourceTree = "<group>";
		};
		85ED58CEA33409418CD0ABF5 /* Frameworks */ = {
			isa = PBXGroup;
			children = (
				5570ADC6D678A0E296C092D5 /* Pods_ChitChat.framework */,
			);
			name = Frameworks;
			sourceTree = "<group>";
		};
		AE6BC9BDEA45C8643F4916C0 /* Pods */ = {
			isa = PBXGroup;
			children = (
				9E37E048EEEBC6BA5B0D499A /* Pods-ChitChat.debug.xcconfig */,
				36638EFEAE25B946F44FC47E /* Pods-ChitChat.release.xcconfig */,
			);
			path = Pods;
			sourceTree = "<group>";
		};
/* End PBXGroup section */

/* Begin PBXNativeTarget section */
		6409993E2ABA00AF00CFFCDA /* ChitChat */ = {
			isa = PBXNativeTarget;
			buildConfigurationList = 640999532ABA00B200CFFCDA /* Build configuration list for PBXNativeTarget "ChitChat" */;
			buildPhases = (
				F131A5956B43FBAF66ECB642 /* [CP] Check Pods Manifest.lock */,
				6409993B2ABA00AF00CFFCDA /* Sources */,
				6409993C2ABA00AF00CFFCDA /* Frameworks */,
				6409993D2ABA00AF00CFFCDA /* Resources */,
				D0104F5BE96B41FEFDBC5459 /* [CP] Embed Pods Frameworks */,
			);
			buildRules = (
			);
			dependencies = (
			);
			name = ChitChat;
			productName = ChitChat;
			productReference = 6409993F2ABA00AF00CFFCDA /* ChitChat.app */;
			productType = "com.apple.product-type.application";
		};
/* End PBXNativeTarget section */

/* Begin PBXProject section */
		640999372ABA00AF00CFFCDA /* Project object */ = {
			isa = PBXProject;
			attributes = {
				BuildIndependentTargetsInParallel = 1;
				LastSwiftUpdateCheck = 1310;
				LastUpgradeCheck = 1310;
				TargetAttributes = {
					6409993E2ABA00AF00CFFCDA = {
						CreatedOnToolsVersion = 13.1;
					};
				};
			};
			buildConfigurationList = 6409993A2ABA00AF00CFFCDA /* Build configuration list for PBXProject "ChitChat" */;
			compatibilityVersion = "Xcode 13.0";
			developmentRegion = en;
			hasScannedForEncodings = 0;
			knownRegions = (
				en,
				Base,
			);
			mainGroup = 640999362ABA00AF00CFFCDA;
			productRefGroup = 640999402ABA00AF00CFFCDA /* Products */;
			projectDirPath = "";
			projectRoot = "";
			targets = (
				6409993E2ABA00AF00CFFCDA /* ChitChat */,
			);
		};
/* End PBXProject section */

/* Begin PBXResourcesBuildPhase section */
		6409993D2ABA00AF00CFFCDA /* Resources */ = {
			isa = PBXResourcesBuildPhase;
			buildActionMask = 2147483647;
			files = (
				6409994F2ABA00B200CFFCDA /* LaunchScreen.storyboard in Resources */,
				64B1B9F32ABA07C20010BE17 /* GoogleService-Info.plist in Resources */,
				6409994C2ABA00B200CFFCDA /* Assets.xcassets in Resources */,
				6409994A2ABA00AF00CFFCDA /* Main.storyboard in Resources */,
			);
			runOnlyForDeploymentPostprocessing = 0;
		};
/* End PBXResourcesBuildPhase section */

/* Begin PBXShellScriptBuildPhase section */
		D0104F5BE96B41FEFDBC5459 /* [CP] Embed Pods Frameworks */ = {
			isa = PBXShellScriptBuildPhase;
			buildActionMask = 2147483647;
			files = (
			);
			inputFileListPaths = (
				"${PODS_ROOT}/Target Support Files/Pods-ChitChat/Pods-ChitChat-frameworks-${CONFIGURATION}-input-files.xcfilelist",
			);
			name = "[CP] Embed Pods Frameworks";
			outputFileListPaths = (
				"${PODS_ROOT}/Target Support Files/Pods-ChitChat/Pods-ChitChat-frameworks-${CONFIGURATION}-output-files.xcfilelist",
			);
			runOnlyForDeploymentPostprocessing = 0;
			shellPath = /bin/sh;
			shellScript = "\"${PODS_ROOT}/Target Support Files/Pods-ChitChat/Pods-ChitChat-frameworks.sh\"\n";
			showEnvVarsInLog = 0;
		};
		F131A5956B43FBAF66ECB642 /* [CP] Check Pods Manifest.lock */ = {
			isa = PBXShellScriptBuildPhase;
			buildActionMask = 2147483647;
			files = (
			);
			inputFileListPaths = (
			);
			inputPaths = (
				"${PODS_PODFILE_DIR_PATH}/Podfile.lock",
				"${PODS_ROOT}/Manifest.lock",
			);
			name = "[CP] Check Pods Manifest.lock";
			outputFileListPaths = (
			);
			outputPaths = (
				"$(DERIVED_FILE_DIR)/Pods-ChitChat-checkManifestLockResult.txt",
			);
			runOnlyForDeploymentPostprocessing = 0;
			shellPath = /bin/sh;
			shellScript = "diff \"${PODS_PODFILE_DIR_PATH}/Podfile.lock\" \"${PODS_ROOT}/Manifest.lock\" > /dev/null\nif [ $? != 0 ] ; then\n    # print error to STDERR\n    echo \"error: The sandbox is not in sync with the Podfile.lock. Run 'pod install' or update your CocoaPods installation.\" >&2\n    exit 1\nfi\n# This output is used by Xcode 'outputs' to avoid re-running this script phase.\necho \"SUCCESS\" > \"${SCRIPT_OUTPUT_FILE_0}\"\n";
			showEnvVarsInLog = 0;
		};
/* End PBXShellScriptBuildPhase section */

/* Begin PBXSourcesBuildPhase section */
		6409993B2ABA00AF00CFFCDA /* Sources */ = {
			isa = PBXSourcesBuildPhase;
			buildActionMask = 2147483647;
			files = (
				5B6D047B2ABD2D2B00DFBEAD /* User.swift in Sources */,
				640999472ABA00AF00CFFCDA /* ViewController.swift in Sources */,
				5B6D047E2ABD3DB800DFBEAD /* FCollectionReference.swift in Sources */,
				5B6D04802ABD3F9100DFBEAD /* FUserListener.swift in Sources */,
				640999432ABA00AF00CFFCDA /* AppDelegate.swift in Sources */,
				640999452ABA00AF00CFFCDA /* SceneDelegate.swift in Sources */,
			);
			runOnlyForDeploymentPostprocessing = 0;
		};
/* End PBXSourcesBuildPhase section */

/* Begin PBXVariantGroup section */
		640999482ABA00AF00CFFCDA /* Main.storyboard */ = {
			isa = PBXVariantGroup;
			children = (
				640999492ABA00AF00CFFCDA /* Base */,
			);
			name = Main.storyboard;
			sourceTree = "<group>";
		};
		6409994D2ABA00B200CFFCDA /* LaunchScreen.storyboard */ = {
			isa = PBXVariantGroup;
			children = (
				6409994E2ABA00B200CFFCDA /* Base */,
			);
			name = LaunchScreen.storyboard;
			sourceTree = "<group>";
		};
/* End PBXVariantGroup section */

/* Begin XCBuildConfiguration section */
		640999512ABA00B200CFFCDA /* Debug */ = {
			isa = XCBuildConfiguration;
			buildSettings = {
				ALWAYS_SEARCH_USER_PATHS = NO;
				CLANG_ANALYZER_NONNULL = YES;
				CLANG_ANALYZER_NUMBER_OBJECT_CONVERSION = YES_AGGRESSIVE;
				CLANG_CXX_LANGUAGE_STANDARD = "gnu++17";
				CLANG_CXX_LIBRARY = "libc++";
				CLANG_ENABLE_MODULES = YES;
				CLANG_ENABLE_OBJC_ARC = YES;
				CLANG_ENABLE_OBJC_WEAK = YES;
				CLANG_WARN_BLOCK_CAPTURE_AUTORELEASING = YES;
				CLANG_WARN_BOOL_CONVERSION = YES;
				CLANG_WARN_COMMA = YES;
				CLANG_WARN_CONSTANT_CONVERSION = YES;
				CLANG_WARN_DEPRECATED_OBJC_IMPLEMENTATIONS = YES;
				CLANG_WARN_DIRECT_OBJC_ISA_USAGE = YES_ERROR;
				CLANG_WARN_DOCUMENTATION_COMMENTS = YES;
				CLANG_WARN_EMPTY_BODY = YES;
				CLANG_WARN_ENUM_CONVERSION = YES;
				CLANG_WARN_INFINITE_RECURSION = YES;
				CLANG_WARN_INT_CONVERSION = YES;
				CLANG_WARN_NON_LITERAL_NULL_CONVERSION = YES;
				CLANG_WARN_OBJC_IMPLICIT_RETAIN_SELF = YES;
				CLANG_WARN_OBJC_LITERAL_CONVERSION = YES;
				CLANG_WARN_OBJC_ROOT_CLASS = YES_ERROR;
				CLANG_WARN_QUOTED_INCLUDE_IN_FRAMEWORK_HEADER = YES;
				CLANG_WARN_RANGE_LOOP_ANALYSIS = YES;
				CLANG_WARN_STRICT_PROTOTYPES = YES;
				CLANG_WARN_SUSPICIOUS_MOVE = YES;
				CLANG_WARN_UNGUARDED_AVAILABILITY = YES_AGGRESSIVE;
				CLANG_WARN_UNREACHABLE_CODE = YES;
				CLANG_WARN__DUPLICATE_METHOD_MATCH = YES;
				COPY_PHASE_STRIP = NO;
				DEBUG_INFORMATION_FORMAT = dwarf;
				ENABLE_STRICT_OBJC_MSGSEND = YES;
				ENABLE_TESTABILITY = YES;
				GCC_C_LANGUAGE_STANDARD = gnu11;
				GCC_DYNAMIC_NO_PIC = NO;
				GCC_NO_COMMON_BLOCKS = YES;
				GCC_OPTIMIZATION_LEVEL = 0;
				GCC_PREPROCESSOR_DEFINITIONS = (
					"DEBUG=1",
					"$(inherited)",
				);
				GCC_WARN_64_TO_32_BIT_CONVERSION = YES;
				GCC_WARN_ABOUT_RETURN_TYPE = YES_ERROR;
				GCC_WARN_UNDECLARED_SELECTOR = YES;
				GCC_WARN_UNINITIALIZED_AUTOS = YES_AGGRESSIVE;
				GCC_WARN_UNUSED_FUNCTION = YES;
				GCC_WARN_UNUSED_VARIABLE = YES;
				IPHONEOS_DEPLOYMENT_TARGET = 15.0;
				MTL_ENABLE_DEBUG_INFO = INCLUDE_SOURCE;
				MTL_FAST_MATH = YES;
				ONLY_ACTIVE_ARCH = YES;
				SDKROOT = iphoneos;
				SWIFT_ACTIVE_COMPILATION_CONDITIONS = DEBUG;
				SWIFT_OPTIMIZATION_LEVEL = "-Onone";
			};
			name = Debug;
		};
		640999522ABA00B200CFFCDA /* Release */ = {
			isa = XCBuildConfiguration;
			buildSettings = {
				ALWAYS_SEARCH_USER_PATHS = NO;
				CLANG_ANALYZER_NONNULL = YES;
				CLANG_ANALYZER_NUMBER_OBJECT_CONVERSION = YES_AGGRESSIVE;
				CLANG_CXX_LANGUAGE_STANDARD = "gnu++17";
				CLANG_CXX_LIBRARY = "libc++";
				CLANG_ENABLE_MODULES = YES;
				CLANG_ENABLE_OBJC_ARC = YES;
				CLANG_ENABLE_OBJC_WEAK = YES;
				CLANG_WARN_BLOCK_CAPTURE_AUTORELEASING = YES;
				CLANG_WARN_BOOL_CONVERSION = YES;
				CLANG_WARN_COMMA = YES;
				CLANG_WARN_CONSTANT_CONVERSION = YES;
				CLANG_WARN_DEPRECATED_OBJC_IMPLEMENTATIONS = YES;
				CLANG_WARN_DIRECT_OBJC_ISA_USAGE = YES_ERROR;
				CLANG_WARN_DOCUMENTATION_COMMENTS = YES;
				CLANG_WARN_EMPTY_BODY = YES;
				CLANG_WARN_ENUM_CONVERSION = YES;
				CLANG_WARN_INFINITE_RECURSION = YES;
				CLANG_WARN_INT_CONVERSION = YES;
				CLANG_WARN_NON_LITERAL_NULL_CONVERSION = YES;
				CLANG_WARN_OBJC_IMPLICIT_RETAIN_SELF = YES;
				CLANG_WARN_OBJC_LITERAL_CONVERSION = YES;
				CLANG_WARN_OBJC_ROOT_CLASS = YES_ERROR;
				CLANG_WARN_QUOTED_INCLUDE_IN_FRAMEWORK_HEADER = YES;
				CLANG_WARN_RANGE_LOOP_ANALYSIS = YES;
				CLANG_WARN_STRICT_PROTOTYPES = YES;
				CLANG_WARN_SUSPICIOUS_MOVE = YES;
				CLANG_WARN_UNGUARDED_AVAILABILITY = YES_AGGRESSIVE;
				CLANG_WARN_UNREACHABLE_CODE = YES;
				CLANG_WARN__DUPLICATE_METHOD_MATCH = YES;
				COPY_PHASE_STRIP = NO;
				DEBUG_INFORMATION_FORMAT = "dwarf-with-dsym";
				ENABLE_NS_ASSERTIONS = NO;
				ENABLE_STRICT_OBJC_MSGSEND = YES;
				GCC_C_LANGUAGE_STANDARD = gnu11;
				GCC_NO_COMMON_BLOCKS = YES;
				GCC_WARN_64_TO_32_BIT_CONVERSION = YES;
				GCC_WARN_ABOUT_RETURN_TYPE = YES_ERROR;
				GCC_WARN_UNDECLARED_SELECTOR = YES;
				GCC_WARN_UNINITIALIZED_AUTOS = YES_AGGRESSIVE;
				GCC_WARN_UNUSED_FUNCTION = YES;
				GCC_WARN_UNUSED_VARIABLE = YES;
				IPHONEOS_DEPLOYMENT_TARGET = 15.0;
				MTL_ENABLE_DEBUG_INFO = NO;
				MTL_FAST_MATH = YES;
				SDKROOT = iphoneos;
				SWIFT_COMPILATION_MODE = wholemodule;
				SWIFT_OPTIMIZATION_LEVEL = "-O";
				VALIDATE_PRODUCT = YES;
			};
			name = Release;
		};
		640999542ABA00B200CFFCDA /* Debug */ = {
			isa = XCBuildConfiguration;
			baseConfigurationReference = 9E37E048EEEBC6BA5B0D499A /* Pods-ChitChat.debug.xcconfig */;
			buildSettings = {
				ASSETCATALOG_COMPILER_APPICON_NAME = AppIcon;
				ASSETCATALOG_COMPILER_GLOBAL_ACCENT_COLOR_NAME = AccentColor;
				CODE_SIGN_STYLE = Automatic;
				CURRENT_PROJECT_VERSION = 1;
				DEVELOPMENT_TEAM = 4AR488G66N;
				GENERATE_INFOPLIST_FILE = YES;
				INFOPLIST_FILE = ChitChat/Info.plist;
				INFOPLIST_KEY_UIApplicationSupportsIndirectInputEvents = YES;
				INFOPLIST_KEY_UILaunchStoryboardName = LaunchScreen;
				INFOPLIST_KEY_UIMainStoryboardFile = Main;
				INFOPLIST_KEY_UISupportedInterfaceOrientations_iPad = "UIInterfaceOrientationPortrait UIInterfaceOrientationPortraitUpsideDown UIInterfaceOrientationLandscapeLeft UIInterfaceOrientationLandscapeRight";
				INFOPLIST_KEY_UISupportedInterfaceOrientations_iPhone = "UIInterfaceOrientationPortrait UIInterfaceOrientationLandscapeLeft UIInterfaceOrientationLandscapeRight";
				LD_RUNPATH_SEARCH_PATHS = (
					"$(inherited)",
					"@executable_path/Frameworks",
				);
				MARKETING_VERSION = 1.0;
				PRODUCT_BUNDLE_IDENTIFIER = hasib.org.ChitChat;
				PRODUCT_NAME = "$(TARGET_NAME)";
				SWIFT_EMIT_LOC_STRINGS = YES;
				SWIFT_VERSION = 5.0;
				TARGETED_DEVICE_FAMILY = "1,2";
			};
			name = Debug;
		};
		640999552ABA00B200CFFCDA /* Release */ = {
			isa = XCBuildConfiguration;
			baseConfigurationReference = 36638EFEAE25B946F44FC47E /* Pods-ChitChat.release.xcconfig */;
			buildSettings = {
				ASSETCATALOG_COMPILER_APPICON_NAME = AppIcon;
				ASSETCATALOG_COMPILER_GLOBAL_ACCENT_COLOR_NAME = AccentColor;
				CODE_SIGN_STYLE = Automatic;
				CURRENT_PROJECT_VERSION = 1;
				DEVELOPMENT_TEAM = 4AR488G66N;
				GENERATE_INFOPLIST_FILE = YES;
				INFOPLIST_FILE = ChitChat/Info.plist;
				INFOPLIST_KEY_UIApplicationSupportsIndirectInputEvents = YES;
				INFOPLIST_KEY_UILaunchStoryboardName = LaunchScreen;
				INFOPLIST_KEY_UIMainStoryboardFile = Main;
				INFOPLIST_KEY_UISupportedInterfaceOrientations_iPad = "UIInterfaceOrientationPortrait UIInterfaceOrientationPortraitUpsideDown UIInterfaceOrientationLandscapeLeft UIInterfaceOrientationLandscapeRight";
				INFOPLIST_KEY_UISupportedInterfaceOrientations_iPhone = "UIInterfaceOrientationPortrait UIInterfaceOrientationLandscapeLeft UIInterfaceOrientationLandscapeRight";
				LD_RUNPATH_SEARCH_PATHS = (
					"$(inherited)",
					"@executable_path/Frameworks",
				);
				MARKETING_VERSION = 1.0;
				PRODUCT_BUNDLE_IDENTIFIER = hasib.org.ChitChat;
				PRODUCT_NAME = "$(TARGET_NAME)";
				SWIFT_EMIT_LOC_STRINGS = YES;
				SWIFT_VERSION = 5.0;
				TARGETED_DEVICE_FAMILY = "1,2";
			};
			name = Release;
		};
/* End XCBuildConfiguration section */

/* Begin XCConfigurationList section */
		6409993A2ABA00AF00CFFCDA /* Build configuration list for PBXProject "ChitChat" */ = {
			isa = XCConfigurationList;
			buildConfigurations = (
				640999512ABA00B200CFFCDA /* Debug */,
				640999522ABA00B200CFFCDA /* Release */,
			);
			defaultConfigurationIsVisible = 0;
			defaultConfigurationName = Release;
		};
		640999532ABA00B200CFFCDA /* Build configuration list for PBXNativeTarget "ChitChat" */ = {
			isa = XCConfigurationList;
			buildConfigurations = (
				640999542ABA00B200CFFCDA /* Debug */,
				640999552ABA00B200CFFCDA /* Release */,
			);
			defaultConfigurationIsVisible = 0;
			defaultConfigurationName = Release;
		};
/* End XCConfigurationList section */
	};
	rootObject = 640999372ABA00AF00CFFCDA /* Project object */;
}
